// !$*UTF8*$!
{
	archiveVersion = 1;
	classes = {
	};
	objectVersion = 46;
	objects = {

/* Begin PBXBuildFile section */
		4488D2221EF6041E003C091A /* AppDelegate.swift in Sources */ = {isa = PBXBuildFile; fileRef = 4488D2211EF6041E003C091A /* AppDelegate.swift */; };
		4488D2241EF6041E003C091A /* ViewController.swift in Sources */ = {isa = PBXBuildFile; fileRef = 4488D2231EF6041E003C091A /* ViewController.swift */; };
		4488D2271EF6041E003C091A /* Main.storyboard in Resources */ = {isa = PBXBuildFile; fileRef = 4488D2251EF6041E003C091A /* Main.storyboard */; };
		4488D2291EF6041E003C091A /* Assets.xcassets in Resources */ = {isa = PBXBuildFile; fileRef = 4488D2281EF6041E003C091A /* Assets.xcassets */; };
		4488D22C1EF6041E003C091A /* LaunchScreen.storyboard in Resources */ = {isa = PBXBuildFile; fileRef = 4488D22A1EF6041E003C091A /* LaunchScreen.storyboard */; };
		4488D2371EF6041E003C091A /* idoctorTests.swift in Sources */ = {isa = PBXBuildFile; fileRef = 4488D2361EF6041E003C091A /* idoctorTests.swift */; };
		4488D2421EF6041E003C091A /* idoctorUITests.swift in Sources */ = {isa = PBXBuildFile; fileRef = 4488D2411EF6041E003C091A /* idoctorUITests.swift */; };
/* End PBXBuildFile section */

/* Begin PBXContainerItemProxy section */
		4488D2331EF6041E003C091A /* PBXContainerItemProxy */ = {
			isa = PBXContainerItemProxy;
			containerPortal = 4488D2161EF6041E003C091A /* Project object */;
			proxyType = 1;
			remoteGlobalIDString = 4488D21D1EF6041E003C091A;
			remoteInfo = idoctor;
		};
		4488D23E1EF6041E003C091A /* PBXContainerItemProxy */ = {
			isa = PBXContainerItemProxy;
			containerPortal = 4488D2161EF6041E003C091A /* Project object */;
			proxyType = 1;
			remoteGlobalIDString = 4488D21D1EF6041E003C091A;
			remoteInfo = idoctor;
		};
/* End PBXContainerItemProxy section */

/* Begin PBXFileReference section */
		4488D21E1EF6041E003C091A /* idoctor.app */ = {isa = PBXFileReference; explicitFileType = wrapper.application; includeInIndex = 0; path = idoctor.app; sourceTree = BUILT_PRODUCTS_DIR; };
		4488D2211EF6041E003C091A /* AppDelegate.swift */ = {isa = PBXFileReference; lastKnownFileType = sourcecode.swift; path = AppDelegate.swift; sourceTree = "<group>"; };
		4488D2231EF6041E003C091A /* ViewController.swift */ = {isa = PBXFileReference; lastKnownFileType = sourcecode.swift; path = ViewController.swift; sourceTree = "<group>"; };
		4488D2261EF6041E003C091A /* Base */ = {isa = PBXFileReference; lastKnownFileType = file.storyboard; name = Base; path = Base.lproj/Main.storyboard; sourceTree = "<group>"; };
		4488D2281EF6041E003C091A /* Assets.xcassets */ = {isa = PBXFileReference; lastKnownFileType = folder.assetcatalog; path = Assets.xcassets; sourceTree = "<group>"; };
		4488D22B1EF6041E003C091A /* Base */ = {isa = PBXFileReference; lastKnownFileType = file.storyboard; name = Base; path = Base.lproj/LaunchScreen.storyboard; sourceTree = "<group>"; };
		4488D22D1EF6041E003C091A /* Info.plist */ = {isa = PBXFileReference; lastKnownFileType = text.plist.xml; path = Info.plist; sourceTree = "<group>"; };
		4488D2321EF6041E003C091A /* idoctorTests.xctest */ = {isa = PBXFileReference; explicitFileType = wrapper.cfbundle; includeInIndex = 0; path = idoctorTests.xctest; sourceTree = BUILT_PRODUCTS_DIR; };
		4488D2361EF6041E003C091A /* idoctorTests.swift */ = {isa = PBXFileReference; lastKnownFileType = sourcecode.swift; path = idoctorTests.swift; sourceTree = "<group>"; };
		4488D2381EF6041E003C091A /* Info.plist */ = {isa = PBXFileReference; lastKnownFileType = text.plist.xml; path = Info.plist; sourceTree = "<group>"; };
		4488D23D1EF6041E003C091A /* idoctorUITests.xctest */ = {isa = PBXFileReference; explicitFileType = wrapper.cfbundle; includeInIndex = 0; path = idoctorUITests.xctest; sourceTree = BUILT_PRODUCTS_DIR; };
		4488D2411EF6041E003C091A /* idoctorUITests.swift */ = {isa = PBXFileReference; lastKnownFileType = sourcecode.swift; path = idoctorUITests.swift; sourceTree = "<group>"; };
		4488D2431EF6041E003C091A /* Info.plist */ = {isa = PBXFileReference; lastKnownFileType = text.plist.xml; path = Info.plist; sourceTree = "<group>"; };
/* End PBXFileReference section */

/* Begin PBXFrameworksBuildPhase section */
		4488D21B1EF6041E003C091A /* Frameworks */ = {
			isa = PBXFrameworksBuildPhase;
			buildActionMask = 2147483647;
			files = (
			);
			runOnlyForDeploymentPostprocessing = 0;
		};
		4488D22F1EF6041E003C091A /* Frameworks */ = {
			isa = PBXFrameworksBuildPhase;
			buildActionMask = 2147483647;
			files = (
			);
			runOnlyForDeploymentPostprocessing = 0;
		};
		4488D23A1EF6041E003C091A /* Frameworks */ = {
			isa = PBXFrameworksBuildPhase;
			buildActionMask = 2147483647;
			files = (
			);
			runOnlyForDeploymentPostprocessing = 0;
		};
/* End PBXFrameworksBuildPhase section */

/* Begin PBXGroup section */
		4488D2151EF6041E003C091A = {
			isa = PBXGroup;
			children = (
				4488D2201EF6041E003C091A /* idoctor */,
				4488D2351EF6041E003C091A /* idoctorTests */,
				4488D2401EF6041E003C091A /* idoctorUITests */,
				4488D21F1EF6041E003C091A /* Products */,
			);
			sourceTree = "<group>";
		};
		4488D21F1EF6041E003C091A /* Products */ = {
			isa = PBXGroup;
			children = (
				4488D21E1EF6041E003C091A /* idoctor.app */,
				4488D2321EF6041E003C091A /* idoctorTests.xctest */,
				4488D23D1EF6041E003C091A /* idoctorUITests.xctest */,
			);
			name = Products;
			sourceTree = "<group>";
		};
		4488D2201EF6041E003C091A /* idoctor */ = {
			isa = PBXGroup;
			children = (
				4488D2211EF6041E003C091A /* AppDelegate.swift */,
				4488D2231EF6041E003C091A /* ViewController.swift */,
				4488D2251EF6041E003C091A /* Main.storyboard */,
				4488D2281EF6041E003C091A /* Assets.xcassets */,
				4488D22A1EF6041E003C091A /* LaunchScreen.storyboard */,
				4488D22D1EF6041E003C091A /* Info.plist */,
			);
			path = idoctor;
			sourceTree = "<group>";
		};
		4488D2351EF6041E003C091A /* idoctorTests */ = {
			isa = PBXGroup;
			children = (
				4488D2361EF6041E003C091A /* idoctorTests.swift */,
				4488D2381EF6041E003C091A /* Info.plist */,
			);
			path = idoctorTests;
			sourceTree = "<group>";
		};
		4488D2401EF6041E003C091A /* idoctorUITests */ = {
			isa = PBXGroup;
			children = (
				4488D2411EF6041E003C091A /* idoctorUITests.swift */,
				4488D2431EF6041E003C091A /* Info.plist */,
			);
			path = idoctorUITests;
			sourceTree = "<group>";
		};
/* End PBXGroup section */

/* Begin PBXNativeTarget section */
		4488D21D1EF6041E003C091A /* idoctor */ = {
			isa = PBXNativeTarget;
			buildConfigurationList = 4488D2461EF6041E003C091A /* Build configuration list for PBXNativeTarget "idoctor" */;
			buildPhases = (
				4488D21A1EF6041E003C091A /* Sources */,
				4488D21B1EF6041E003C091A /* Frameworks */,
				4488D21C1EF6041E003C091A /* Resources */,
			);
			buildRules = (
			);
			dependencies = (
			);
			name = idoctor;
			productName = idoctor;
			productReference = 4488D21E1EF6041E003C091A /* idoctor.app */;
			productType = "com.apple.product-type.application";
		};
		4488D2311EF6041E003C091A /* idoctorTests */ = {
			isa = PBXNativeTarget;
			buildConfigurationList = 4488D2491EF6041E003C091A /* Build configuration list for PBXNativeTarget "idoctorTests" */;
			buildPhases = (
				4488D22E1EF6041E003C091A /* Sources */,
				4488D22F1EF6041E003C091A /* Frameworks */,
				4488D2301EF6041E003C091A /* Resources */,
			);
			buildRules = (
			);
			dependencies = (
				4488D2341EF6041E003C091A /* PBXTargetDependency */,
			);
			name = idoctorTests;
			productName = idoctorTests;
			productReference = 4488D2321EF6041E003C091A /* idoctorTests.xctest */;
			productType = "com.apple.product-type.bundle.unit-test";
		};
		4488D23C1EF6041E003C091A /* idoctorUITests */ = {
			isa = PBXNativeTarget;
			buildConfigurationList = 4488D24C1EF6041E003C091A /* Build configuration list for PBXNativeTarget "idoctorUITests" */;
			buildPhases = (
				4488D2391EF6041E003C091A /* Sources */,
				4488D23A1EF6041E003C091A /* Frameworks */,
				4488D23B1EF6041E003C091A /* Resources */,
			);
			buildRules = (
			);
			dependencies = (
				4488D23F1EF6041E003C091A /* PBXTargetDependency */,
			);
			name = idoctorUITests;
			productName = idoctorUITests;
			productReference = 4488D23D1EF6041E003C091A /* idoctorUITests.xctest */;
			productType = "com.apple.product-type.bundle.ui-testing";
		};
/* End PBXNativeTarget section */

/* Begin PBXProject section */
		4488D2161EF6041E003C091A /* Project object */ = {
			isa = PBXProject;
			attributes = {
				LastSwiftUpdateCheck = 0820;
				LastUpgradeCheck = 0820;
				ORGANIZATIONNAME = heydar;
				TargetAttributes = {
					4488D21D1EF6041E003C091A = {
						CreatedOnToolsVersion = 8.2;
						ProvisioningStyle = Automatic;
					};
					4488D2311EF6041E003C091A = {
						CreatedOnToolsVersion = 8.2;
						ProvisioningStyle = Automatic;
						TestTargetID = 4488D21D1EF6041E003C091A;
					};
					4488D23C1EF6041E003C091A = {
						CreatedOnToolsVersion = 8.2;
						ProvisioningStyle = Automatic;
						TestTargetID = 4488D21D1EF6041E003C091A;
					};
				};
			};
			buildConfigurationList = 4488D2191EF6041E003C091A /* Build configuration list for PBXProject "idoctor" */;
			compatibilityVersion = "Xcode 3.2";
			developmentRegion = English;
			hasScannedForEncodings = 0;
			knownRegions = (
				en,
				Base,
			);
			mainGroup = 4488D2151EF6041E003C091A;
			productRefGroup = 4488D21F1EF6041E003C091A /* Products */;
			projectDirPath = "";
			projectRoot = "";
			targets = (
				4488D21D1EF6041E003C091A /* idoctor */,
				4488D2311EF6041E003C091A /* idoctorTests */,
				4488D23C1EF6041E003C091A /* idoctorUITests */,
			);
		};
/* End PBXProject section */

/* Begin PBXResourcesBuildPhase section */
		4488D21C1EF6041E003C091A /* Resources */ = {
			isa = PBXResourcesBuildPhase;
			buildActionMask = 2147483647;
			files = (
				4488D22C1EF6041E003C091A /* LaunchScreen.storyboard in Resources */,
				4488D2291EF6041E003C091A /* Assets.xcassets in Resources */,
				4488D2271EF6041E003C091A /* Main.storyboard in Resources */,
			);
			runOnlyForDeploymentPostprocessing = 0;
		};
		4488D2301EF6041E003C091A /* Resources */ = {
			isa = PBXResourcesBuildPhase;
			buildActionMask = 2147483647;
			files = (
			);
			runOnlyForDeploymentPostprocessing = 0;
		};
		4488D23B1EF6041E003C091A /* Resources */ = {
			isa = PBXResourcesBuildPhase;
			buildActionMask = 2147483647;
			files = (
			);
			runOnlyForDeploymentPostprocessing = 0;
		};
/* End PBXResourcesBuildPhase section */

/* Begin PBXSourcesBuildPhase section */
		4488D21A1EF6041E003C091A /* Sources */ = {
			isa = PBXSourcesBuildPhase;
			buildActionMask = 2147483647;
			files = (
				4488D2241EF6041E003C091A /* ViewController.swift in Sources */,
				4488D2221EF6041E003C091A /* AppDelegate.swift in Sources */,
			);
			runOnlyForDeploymentPostprocessing = 0;
		};
		4488D22E1EF6041E003C091A /* Sources */ = {
			isa = PBXSourcesBuildPhase;
			buildActionMask = 2147483647;
			files = (
				4488D2371EF6041E003C091A /* idoctorTests.swift in Sources */,
			);
			runOnlyForDeploymentPostprocessing = 0;
		};
		4488D2391EF6041E003C091A /* Sources */ = {
			isa = PBXSourcesBuildPhase;
			buildActionMask = 2147483647;
			files = (
				4488D2421EF6041E003C091A /* idoctorUITests.swift in Sources */,
			);
			runOnlyForDeploymentPostprocessing = 0;
		};
/* End PBXSourcesBuildPhase section */

/* Begin PBXTargetDependency section */
		4488D2341EF6041E003C091A /* PBXTargetDependency */ = {
			isa = PBXTargetDependency;
			target = 4488D21D1EF6041E003C091A /* idoctor */;
			targetProxy = 4488D2331EF6041E003C091A /* PBXContainerItemProxy */;
		};
		4488D23F1EF6041E003C091A /* PBXTargetDependency */ = {
			isa = PBXTargetDependency;
			target = 4488D21D1EF6041E003C091A /* idoctor */;
			targetProxy = 4488D23E1EF6041E003C091A /* PBXContainerItemProxy */;
		};
/* End PBXTargetDependency section */

/* Begin PBXVariantGroup section */
		4488D2251EF6041E003C091A /* Main.storyboard */ = {
			isa = PBXVariantGroup;
			children = (
				4488D2261EF6041E003C091A /* Base */,
			);
			name = Main.storyboard;
			sourceTree = "<group>";
		};
		4488D22A1EF6041E003C091A /* LaunchScreen.storyboard */ = {
			isa = PBXVariantGroup;
			children = (
				4488D22B1EF6041E003C091A /* Base */,
			);
			name = LaunchScreen.storyboard;
			sourceTree = "<group>";
		};
/* End PBXVariantGroup section */

/* Begin XCBuildConfiguration section */
		4488D2441EF6041E003C091A /* Debug */ = {
			isa = XCBuildConfiguration;
			buildSettings = {
				ALWAYS_SEARCH_USER_PATHS = NO;
				CLANG_ANALYZER_NONNULL = YES;
				CLANG_CXX_LANGUAGE_STANDARD = "gnu++0x";
				CLANG_CXX_LIBRARY = "libc++";
				CLANG_ENABLE_MODULES = YES;
				CLANG_ENABLE_OBJC_ARC = YES;
				CLANG_WARN_BOOL_CONVERSION = YES;
				CLANG_WARN_CONSTANT_CONVERSION = YES;
				CLANG_WARN_DIRECT_OBJC_ISA_USAGE = YES_ERROR;
				CLANG_WARN_DOCUMENTATION_COMMENTS = YES;
				CLANG_WARN_EMPTY_BODY = YES;
				CLANG_WARN_ENUM_CONVERSION = YES;
				CLANG_WARN_INFINITE_RECURSION = YES;
				CLANG_WARN_INT_CONVERSION = YES;
				CLANG_WARN_OBJC_ROOT_CLASS = YES_ERROR;
				CLANG_WARN_SUSPICIOUS_MOVE = YES;
				CLANG_WARN_UNREACHABLE_CODE = YES;
				CLANG_WARN__DUPLICATE_METHOD_MATCH = YES;
				"CODE_SIGN_IDENTITY[sdk=iphoneos*]" = "iPhone Developer";
				COPY_PHASE_STRIP = NO;
				DEBUG_INFORMATION_FORMAT = dwarf;
				ENABLE_STRICT_OBJC_MSGSEND = YES;
				ENABLE_TESTABILITY = YES;
				GCC_C_LANGUAGE_STANDARD = gnu99;
				GCC_DYNAMIC_NO_PIC = NO;
				GCC_NO_COMMON_BLOCKS = YES;
				GCC_OPTIMIZATION_LEVEL = 0;
				GCC_PREPROCESSOR_DEFINITIONS = (
					"DEBUG=1",
					"$(inherited)",
				);
				GCC_WARN_64_TO_32_BIT_CONVERSION = YES;
				GCC_WARN_ABOUT_RETURN_TYPE = YES_ERROR;
				GCC_WARN_UNDECLARED_SELECTOR = YES;
				GCC_WARN_UNINITIALIZED_AUTOS = YES_AGGRESSIVE;
				GCC_WARN_UNUSED_FUNCTION = YES;
				GCC_WARN_UNUSED_VARIABLE = YES;
				IPHONEOS_DEPLOYMENT_TARGET = 10.2;
				MTL_ENABLE_DEBUG_INFO = YES;
				ONLY_ACTIVE_ARCH = YES;
				SDKROOT = iphoneos;
				SWIFT_ACTIVE_COMPILATION_CONDITIONS = DEBUG;
				SWIFT_OPTIMIZATION_LEVEL = "-Onone";
			};
			name = Debug;
		};
		4488D2451EF6041E003C091A /* Release */ = {
			isa = XCBuildConfiguration;
			buildSettings = {
				ALWAYS_SEARCH_USER_PATHS = NO;
				CLANG_ANALYZER_NONNULL = YES;
				CLANG_CXX_LANGUAGE_STANDARD = "gnu++0x";
				CLANG_CXX_LIBRARY = "libc++";
				CLANG_ENABLE_MODULES = YES;
				CLANG_ENABLE_OBJC_ARC = YES;
				CLANG_WARN_BOOL_CONVERSION = YES;
				CLANG_WARN_CONSTANT_CONVERSION = YES;
				CLANG_WARN_DIRECT_OBJC_ISA_USAGE = YES_ERROR;
				CLANG_WARN_DOCUMENTATION_COMMENTS = YES;
				CLANG_WARN_EMPTY_BODY = YES;
				CLANG_WARN_ENUM_CONVERSION = YES;
				CLANG_WARN_INFINITE_RECURSION = YES;
				CLANG_WARN_INT_CONVERSION = YES;
				CLANG_WARN_OBJC_ROOT_CLASS = YES_ERROR;
				CLANG_WARN_SUSPICIOUS_MOVE = YES;
				CLANG_WARN_UNREACHABLE_CODE = YES;
				CLANG_WARN__DUPLICATE_METHOD_MATCH = YES;
				"CODE_SIGN_IDENTITY[sdk=iphoneos*]" = "iPhone Developer";
				COPY_PHASE_STRIP = NO;
				DEBUG_INFORMATION_FORMAT = "dwarf-with-dsym";
				ENABLE_NS_ASSERTIONS = NO;
				ENABLE_STRICT_OBJC_MSGSEND = YES;
				GCC_C_LANGUAGE_STANDARD = gnu99;
				GCC_NO_COMMON_BLOCKS = YES;
				GCC_WARN_64_TO_32_BIT_CONVERSION = YES;
				GCC_WARN_ABOUT_RETURN_TYPE = YES_ERROR;
				GCC_WARN_UNDECLARED_SELECTOR = YES;
				GCC_WARN_UNINITIALIZED_AUTOS = YES_AGGRESSIVE;
				GCC_WARN_UNUSED_FUNCTION = YES;
				GCC_WARN_UNUSED_VARIABLE = YES;
				IPHONEOS_DEPLOYMENT_TARGET = 10.2;
				MTL_ENABLE_DEBUG_INFO = NO;
				SDKROOT = iphoneos;
				SWIFT_OPTIMIZATION_LEVEL = "-Owholemodule";
				VALIDATE_PRODUCT = YES;
			};
			name = Release;
		};
		4488D2471EF6041E003C091A /* Debug */ = {
			isa = XCBuildConfiguration;
			buildSettings = {
				ASSETCATALOG_COMPILER_APPICON_NAME = AppIcon;
				INFOPLIST_FILE = idoctor/Info.plist;
				LD_RUNPATH_SEARCH_PATHS = "$(inherited) @executable_path/Frameworks";
				PRODUCT_BUNDLE_IDENTIFIER = dianati.idoctor;
				PRODUCT_NAME = "$(TARGET_NAME)";
				SWIFT_VERSION = 3.0;
			};
			name = Debug;
		};
		4488D2481EF6041E003C091A /* Release */ = {
			isa = XCBuildConfiguration;
			buildSettings = {
				ASSETCATALOG_COMPILER_APPICON_NAME = AppIcon;
				INFOPLIST_FILE = idoctor/Info.plist;
				LD_RUNPATH_SEARCH_PATHS = "$(inherited) @executable_path/Frameworks";
				PRODUCT_BUNDLE_IDENTIFIER = dianati.idoctor;
				PRODUCT_NAME = "$(TARGET_NAME)";
				SWIFT_VERSION = 3.0;
			};
			name = Release;
		};
		4488D24A1EF6041E003C091A /* Debug */ = {
			isa = XCBuildConfiguration;
			buildSettings = {
				ALWAYS_EMBED_SWIFT_STANDARD_LIBRARIES = YES;
				BUNDLE_LOADER = "$(TEST_HOST)";
				INFOPLIST_FILE = idoctorTests/Info.plist;
				LD_RUNPATH_SEARCH_PATHS = "$(inherited) @executable_path/Frameworks @loader_path/Frameworks";
				PRODUCT_BUNDLE_IDENTIFIER = dianati.idoctorTests;
				PRODUCT_NAME = "$(TARGET_NAME)";
				SWIFT_VERSION = 3.0;
				TEST_HOST = "$(BUILT_PRODUCTS_DIR)/idoctor.app/idoctor";
			};
			name = Debug;
		};
		4488D24B1EF6041E003C091A /* Release */ = {
			isa = XCBuildConfiguration;
			buildSettings = {
				ALWAYS_EMBED_SWIFT_STANDARD_LIBRARIES = YES;
				BUNDLE_LOADER = "$(TEST_HOST)";
				INFOPLIST_FILE = idoctorTests/Info.plist;
				LD_RUNPATH_SEARCH_PATHS = "$(inherited) @executable_path/Frameworks @loader_path/Frameworks";
				PRODUCT_BUNDLE_IDENTIFIER = dianati.idoctorTests;
				PRODUCT_NAME = "$(TARGET_NAME)";
				SWIFT_VERSION = 3.0;
				TEST_HOST = "$(BUILT_PRODUCTS_DIR)/idoctor.app/idoctor";
			};
			name = Release;
		};
		4488D24D1EF6041E003C091A /* Debug */ = {
			isa = XCBuildConfiguration;
			buildSettings = {
				ALWAYS_EMBED_SWIFT_STANDARD_LIBRARIES = YES;
				INFOPLIST_FILE = idoctorUITests/Info.plist;
				LD_RUNPATH_SEARCH_PATHS = "$(inherited) @executable_path/Frameworks @loader_path/Frameworks";
				PRODUCT_BUNDLE_IDENTIFIER = dianati.idoctorUITests;
				PRODUCT_NAME = "$(TARGET_NAME)";
				SWIFT_VERSION = 3.0;
				TEST_TARGET_NAME = idoctor;
			};
			name = Debug;
		};
		4488D24E1EF6041E003C091A /* Release */ = {
			isa = XCBuildConfiguration;
			buildSettings = {
				ALWAYS_EMBED_SWIFT_STANDARD_LIBRARIES = YES;
				INFOPLIST_FILE = idoctorUITests/Info.plist;
				LD_RUNPATH_SEARCH_PATHS = "$(inherited) @executable_path/Frameworks @loader_path/Frameworks";
				PRODUCT_BUNDLE_IDENTIFIER = dianati.idoctorUITests;
				PRODUCT_NAME = "$(TARGET_NAME)";
				SWIFT_VERSION = 3.0;
				TEST_TARGET_NAME = idoctor;
			};
			name = Release;
		};
/* End XCBuildConfiguration section */

/* Begin XCConfigurationList section */
		4488D2191EF6041E003C091A /* Build configuration list for PBXProject "idoctor" */ = {
			isa = XCConfigurationList;
			buildConfigurations = (
				4488D2441EF6041E003C091A /* Debug */,
				4488D2451EF6041E003C091A /* Release */,
			);
			defaultConfigurationIsVisible = 0;
			defaultConfigurationName = Release;
		};
		4488D2461EF6041E003C091A /* Build configuration list for PBXNativeTarget "idoctor" */ = {
			isa = XCConfigurationList;
			buildConfigurations = (
				4488D2471EF6041E003C091A /* Debug */,
				4488D2481EF6041E003C091A /* Release */,
			);
			defaultConfigurationIsVisible = 0;
		};
		4488D2491EF6041E003C091A /* Build configuration list for PBXNativeTarget "idoctorTests" */ = {
			isa = XCConfigurationList;
			buildConfigurations = (
				4488D24A1EF6041E003C091A /* Debug */,
				4488D24B1EF6041E003C091A /* Release */,
			);
			defaultConfigurationIsVisible = 0;
		};
		4488D24C1EF6041E003C091A /* Build configuration list for PBXNativeTarget "idoctorUITests" */ = {
			isa = XCConfigurationList;
			buildConfigurations = (
				4488D24D1EF6041E003C091A /* Debug */,
				4488D24E1EF6041E003C091A /* Release */,
			);
			defaultConfigurationIsVisible = 0;
		};
/* End XCConfigurationList section */
	};
	rootObject = 4488D2161EF6041E003C091A /* Project object */;
}
